
Microsoft Visual Studio Solution File, Format Version 12.00
# Visual Studio Version 17
VisualStudioVersion = 17.0.31919.166
MinimumVisualStudioVersion = 10.0.40219.1
Project("{FAE04EC0-301F-11D3-BF4B-00C04F79EFBC}") = "WhatsNew.Version10", "WhatsNew.Version10\WhatsNew.Version10.csproj", "{BE30006E-542B-415C-ADE0-8AB10904CE00}"
EndProject
Project("{FAE04EC0-301F-11D3-BF4B-00C04F79EFBC}") = "WhatsNew.Version09", "WhatsNew.Version09\WhatsNew.Version09.csproj", "{3465CF95-3945-466D-8B72-AC126C6AFB3B}"
EndProject
Project("{FAE04EC0-301F-11D3-BF4B-00C04F79EFBC}") = "WhatsNew.Version08", "WhatsNew.Version08\WhatsNew.Version08.csproj", "{A0FAB8E5-EB50-4FF2-8441-6A1CD9B6F441}"
EndProject
Global
	GlobalSection(SolutionConfigurationPlatforms) = preSolution
		Debug|Any CPU = Debug|Any CPU
		Release|Any CPU = Release|Any CPU
	EndGlobalSection
	GlobalSection(ProjectConfigurationPlatforms) = postSolution
		{BE30006E-542B-415C-ADE0-8AB10904CE00}.Debug|Any CPU.ActiveCfg = Debug|Any CPU
		{BE30006E-542B-415C-ADE0-8AB10904CE00}.Debug|Any CPU.Build.0 = Debug|Any CPU
		{BE30006E-542B-415C-ADE0-8AB10904CE00}.Release|Any CPU.ActiveCfg = Release|Any CPU
		{BE30006E-542B-415C-ADE0-8AB10904CE00}.Release|Any CPU.Build.0 = Release|Any CPU
		{3465CF95-3945-466D-8B72-AC126C6AFB3B}.Debug|Any CPU.ActiveCfg = Debug|Any CPU
		{3465CF95-3945-466D-8B72-AC126C6AFB3B}.Debug|Any CPU.Build.0 = Debug|Any CPU
		{3465CF95-3945-466D-8B72-AC126C6AFB3B}.Release|Any CPU.ActiveCfg = Release|Any CPU
		{3465CF95-3945-466D-8B72-AC126C6AFB3B}.Release|Any CPU.Build.0 = Release|Any CPU
		{A0FAB8E5-EB50-4FF2-8441-6A1CD9B6F441}.Debug|Any CPU.ActiveCfg = Debug|Any CPU
		{A0FAB8E5-EB50-4FF2-8441-6A1CD9B6F441}.Debug|Any CPU.Build.0 = Debug|Any CPU
		{A0FAB8E5-EB50-4FF2-8441-6A1CD9B6F441}.Release|Any CPU.ActiveCfg = Release|Any CPU
		{A0FAB8E5-EB50-4FF2-8441-6A1CD9B6F441}.Release|Any CPU.Build.0 = Release|Any CPU
	EndGlobalSection
	GlobalSection(SolutionProperties) = preSolution
		HideSolutionNode = FALSE
	EndGlobalSection
	GlobalSection(ExtensibilityGlobals) = postSolution
		SolutionGuid = {946953C4-5F70-471B-9FC7-91B143EDD486}
	EndGlobalSection
EndGlobal
